{
  "name": "SoilGuard-Portal",
  "lockfileVersion": 3,
  "requires": true,
  "packages": {
    "": {
      "dependencies": {
        "@fivepanelhat/coastal-alpine-core": "file:../coastal_alpine_core"
      }
    },
    "../coastal_alpine_core": {
      "name": "@fivepanelhat/coastal-alpine-core",
      "version": "1.0.0"
    },
    "node_modules/@fivepanelhat/coastal-alpine-core": {
      "resolved": "../coastal_alpine_core",
      "link": true
    }
  }
}
